{
  "name": "matrix-anticheat",
  "lockfileVersion": 3,
  "requires": true,
  "packages": {
    "": {
      "name": "matrix-anticheat",
      "dependencies": {
        "@minecraft/server": "^1.10.0-beta.1.20.70-stable",
        "@minecraft/server-ui": "^1.2.0-beta.1.20.40-stable",
        "typescript": "^5.3.3"
      },
      "devDependencies": {
        "prettier": "3.2.5"
      }
    },
    "node_modules/@minecraft/common": {
      "version": "1.1.0",
      "resolved": "https://registry.npmjs.org/@minecraft/common/-/common-1.1.0.tgz",
      "integrity": "sha512-stbUtINCXbcLNRlGNVX68xRC6ZYq3k3CYmfptwrCcPBEUjVOpVkSj3H4Y0qiSYB+1rVWv7DgiP7Uf9++50Ne5g=="
    },
    "node_modules/@minecraft/server": {
      "version": "1.10.0-beta.1.20.70-stable",
      "resolved": "https://registry.npmjs.org/@minecraft/server/-/server-1.10.0-beta.1.20.70-stable.tgz",
      "integrity": "sha512-LzF4F42BXeFbwdmD8CAEzMwYWtxMJUI/WFhZxyJB5nMLgjthhiTVPQ4aq0jIVyitD/w4afQ62/1xe0V7Qc6eHw==",
      "dependencies": {
        "@minecraft/common": "^1.1.0"
      }
    },
    "node_modules/@minecraft/server-ui": {
      "version": "1.2.0-beta.1.20.40-stable",
      "resolved": "https://registry.npmjs.org/@minecraft/server-ui/-/server-ui-1.2.0-beta.1.20.40-stable.tgz",
      "integrity": "sha512-89YFi8SrwSi7Bbn2PNO6p1cjfS1PKs1cNFkvIeypDpjvH+uLfrv0bVXJCmLrtTy7G3xIF4MYyGhkOz7rv+j7Ng==",
      "dependencies": {
        "@minecraft/common": "^1.0.0"
      }
    },
    "node_modules/prettier": {
      "version": "3.2.5",
      "resolved": "https://registry.npmjs.org/prettier/-/prettier-3.2.5.tgz",
      "integrity": "sha512-3/GWa9aOC0YeD7LUfvOG2NiDyhOWRvt1k+rcKhOuYnMY24iiCphgneUfJDyFXd6rZCAnuLBv6UeAULtrhT/F4A==",
      "dev": true,
      "bin": {
        "prettier": "bin/prettier.cjs"
      },
      "engines": {
        "node": ">=14"
      },
      "funding": {
        "url": "https://github.com/prettier/prettier?sponsor=1"
      }
    },
    "node_modules/typescript": {
      "version": "5.3.3",
      "resolved": "https://registry.npmjs.org/typescript/-/typescript-5.3.3.tgz",
      "integrity": "sha512-pXWcraxM0uxAS+tN0AG/BF2TyqmHO014Z070UsJ+pFvYuRSq8KH8DmWpnbXe0pEPDHXZV3FcAbJkijJ5oNEnWw==",
      "bin": {
        "tsc": "bin/tsc",
        "tsserver": "bin/tsserver"
      },
      "engines": {
        "node": ">=14.17"
      }
    }
  }
}
