{
  "name": ".Matrix",
  "lockfileVersion": 3,
  "requires": true,
  "packages": {
    "": {
      "dependencies": {
        "@minecraft/server": "^1.7.0-beta.1.20.40-stable",
        "@minecraft/server-ui": "^1.2.0-beta.1.20.40-stable"
      }
    },
    "node_modules/@minecraft/common": {
      "version": "1.0.0",
      "resolved": "https://registry.npmjs.org/@minecraft/common/-/common-1.0.0.tgz",
      "integrity": "sha512-7WObMvUWaS2zBVBZwc150Kd/apLUYa5tx2fvkLe3JoviEKm7QjZNLghZV9sV/STXmd9k3HBKTKvRyGdNaTIVBA=="
    },
    "node_modules/@minecraft/server": {
      "version": "1.7.0-beta.1.20.40-stable",
      "resolved": "https://registry.npmjs.org/@minecraft/server/-/server-1.7.0-beta.1.20.40-stable.tgz",
      "integrity": "sha512-Faqt4qfSRkMRjufOhE4msn//bpPJxRy24qwRgzW6wqmzNworQYobZvarTeLrtXdL7o2dEef0pwqJ87WkWTKa9A==",
      "dependencies": {
        "@minecraft/common": "^1.0.0"
      }
    },
    "node_modules/@minecraft/server-ui": {
      "version": "1.2.0-beta.1.20.40-stable",
      "resolved": "https://registry.npmjs.org/@minecraft/server-ui/-/server-ui-1.2.0-beta.1.20.40-stable.tgz",
      "integrity": "sha512-89YFi8SrwSi7Bbn2PNO6p1cjfS1PKs1cNFkvIeypDpjvH+uLfrv0bVXJCmLrtTy7G3xIF4MYyGhkOz7rv+j7Ng==",
      "dependencies": {
        "@minecraft/common": "^1.0.0",
        "@minecraft/server": "^1.7.0-beta.1.20.40-stable"
      }
    }
  }
}
