{
  "name": "Matrix-AntiCheat",
  "lockfileVersion": 3,
  "requires": true,
  "packages": {
    "": {
      "dependencies": {
        "@minecraft/server": "^2.0.0-beta.1.21.80-preview.27",
        "@minecraft/server-ui": "^2.0.0-beta.1.21.80-preview.27",
        "@minecraft/vanilla-data": "^1.21.70"
      }
    },
    "node_modules/@minecraft/common": {
      "version": "1.2.0",
      "resolved": "https://registry.npmjs.org/@minecraft/common/-/common-1.2.0.tgz",
      "integrity": "sha512-JdmEq4P3Z/FtoBzhLijFgMSVFnFRrUoLwY8DHHrgtFo0mfLTOLTB1RErYjLMsA6b7BGVNxkX/pfFRiH7QZ0XwQ==",
      "license": "MIT"
    },
    "node_modules/@minecraft/server": {
      "version": "2.0.0-beta.1.21.80-preview.27",
      "resolved": "https://registry.npmjs.org/@minecraft/server/-/server-2.0.0-beta.1.21.80-preview.27.tgz",
      "integrity": "sha512-rnbpW+SX8fuUAsnAYCyxHQ0iS/P2iCga/HIOb3ff4RXUsypiPjTFFxKzQ6/ABN7dV0OdOsHFq19JmefcjfFSMA==",
      "license": "MIT",
      "dependencies": {
        "@minecraft/common": "^1.1.0"
      },
      "peerDependencies": {
        "@minecraft/vanilla-data": ">=1.20.70"
      }
    },
    "node_modules/@minecraft/server-ui": {
      "version": "2.0.0-beta.1.21.80-preview.27",
      "resolved": "https://registry.npmjs.org/@minecraft/server-ui/-/server-ui-2.0.0-beta.1.21.80-preview.27.tgz",
      "integrity": "sha512-XfTCCd/ZixlDkhYk2wHBDfser+QtxqM3Vq1DBtxu/JsSdcJM2rsIHPmWPjm+S/CWFg/X8GuWzYTWGn16P9RHNg==",
      "license": "MIT",
      "dependencies": {
        "@minecraft/common": "^1.0.0",
        "@minecraft/server": "^2.0.0-beta.1.21.80-preview.27"
      }
    },
    "node_modules/@minecraft/vanilla-data": {
      "version": "1.21.70",
      "resolved": "https://registry.npmjs.org/@minecraft/vanilla-data/-/vanilla-data-1.21.70.tgz",
      "integrity": "sha512-ZRucoKOWTvRMu0qVSlPTr/rVzZsMe/GVdoCUzzxg77QUzJE+2tc+lqdNNcby7Oa43v+fDdj2f5rlOPUG7Cu7Tg==",
      "license": "MIT"
    }
  }
}
