{
    "name": "matrix-anticheat-src",
    "lockfileVersion": 3,
    "requires": true,
    "packages": {
        "": {
            "name": "matrix-anticheat-src",
            "dependencies": {
                "@minecraft/vanilla-data": "^1.21.50",
                "crypto-es": "^2.1.0",
                "matrix-anticheat": "file:../.."
            }
        },
        "../..": {
            "name": "matrix-anticheat",
            "dependencies": {
                "@minecraft/debug-utilities": "^1.0.0-beta.1.21.43-stable",
                "@minecraft/server": "^1.17.0-beta.1.21.50-stable",
                "@minecraft/server-ui": "^1.4.0-beta.1.21.50-stable",
                "fs": "^0.0.1-security",
                "gettext-parser": "^8.0.0",
                "javascript-obfuscator": "^4.1.1",
                "path": "^0.12.7",
                "progress": "^2.0.3",
                "progress-bar": "^0.1.1",
                "typescript": "^5.3.3"
            },
            "devDependencies": {
                "prettier": "3.2.5"
            }
        },
        "node_modules/@minecraft/vanilla-data": {
            "version": "1.21.50",
            "resolved": "https://registry.npmjs.org/@minecraft/vanilla-data/-/vanilla-data-1.21.50.tgz",
            "integrity": "sha512-4tOzFRGyMxuFLJPo/tN68/FKQwTAxINxFVz4frRcSBliVbAq6hDsDcRcUykWCRFbIU59HG73r6DxwqDOc3Z3wQ==",
            "license": "MIT"
        },
        "node_modules/crypto-es": {
            "version": "2.1.0",
            "resolved": "https://registry.npmjs.org/crypto-es/-/crypto-es-2.1.0.tgz",
            "integrity": "sha512-C5Dbuv4QTPGuloy5c5Vv/FZHtmK+lobLAypFfuRaBbwCsk3qbCWWESCH3MUcBsrgXloRNMrzwUAiPg4U6+IaKA==",
            "license": "MIT"
        },
        "node_modules/matrix-anticheat": {
            "resolved": "../..",
            "link": true
        }
    }
}
