{
    "name": "matrix-anticheat-src",
    "lockfileVersion": 3,
    "requires": true,
    "packages": {
        "": {
            "name": "matrix-anticheat-src",
            "dependencies": {
                "@i-xi-dev/base64": "^4.1.15",
                "@minecraft/vanilla-data": "^1.21.0",
                "crypto-es": "^2.1.0",
                "matrix-anticheat": "file:../.."
            }
        },
        "..": {
            "name": "matrix-anticheat",
            "extraneous": true,
            "dependencies": {
                "@minecraft/server": "^1.12.0-beta.1.21.0-stable",
                "@minecraft/server-ui": "^1.2.0-beta.1.20.40-stable",
                "fs": "^0.0.1-security",
                "gettext-parser": "^8.0.0",
                "path": "^0.12.7",
                "typescript": "^5.3.3"
            },
            "devDependencies": {
                "prettier": "3.2.5"
            }
        },
        "../..": {
            "name": "matrix-anticheat",
            "dependencies": {
                "@i-xi-dev/base64": "^4.1.15",
                "@minecraft/server": "^1.12.0-beta.1.21.0-stable",
                "@minecraft/server-ui": "^1.2.0-beta.1.20.40-stable",
                "fs": "^0.0.1-security",
                "gettext-parser": "^8.0.0",
                "path": "^0.12.7",
                "typescript": "^5.3.3"
            },
            "devDependencies": {
                "prettier": "3.2.5"
            }
        },
        "node_modules/@i-xi-dev/base64": {
            "version": "4.1.15",
            "resolved": "https://registry.npmjs.org/@i-xi-dev/base64/-/base64-4.1.15.tgz",
            "integrity": "sha512-TKpTzTmgpz4TCFE31CfZA8ea5i9vCNt4Z2NYnei+71VXlS9GGB/yrsYQIX1Uf774TJfEYiTDFZpU/wFP2hR01A=="
        },
        "node_modules/@minecraft/vanilla-data": {
            "version": "1.21.0",
            "resolved": "https://registry.npmjs.org/@minecraft/vanilla-data/-/vanilla-data-1.21.0.tgz",
            "integrity": "sha512-OuEsfTsb2oecM2n9BNVXdhk4qjDSatRSuH+FrScpydaibPNV7jG166cGbltu7VujWETRYpAMVzSGxZRfom0Rmg=="
        },
        "node_modules/crypto-es": {
            "version": "2.1.0",
            "resolved": "https://registry.npmjs.org/crypto-es/-/crypto-es-2.1.0.tgz",
            "integrity": "sha512-C5Dbuv4QTPGuloy5c5Vv/FZHtmK+lobLAypFfuRaBbwCsk3qbCWWESCH3MUcBsrgXloRNMrzwUAiPg4U6+IaKA=="
        },
        "node_modules/matrix-anticheat": {
            "resolved": "../..",
            "link": true
        }
    }
}
