{
    "name": "matrix-anticheat-src",
    "lockfileVersion": 3,
    "requires": true,
    "packages": {
        "": {
            "name": "matrix-anticheat-src",
            "dependencies": {
                "@minecraft/vanilla-data": "^1.21.41",
                "crypto-es": "^2.1.0",
                "matrix-anticheat": "file:../.."
            }
        },
        "..": {
            "name": "matrix-anticheat",
            "extraneous": true,
            "dependencies": {
                "@minecraft/server": "^1.12.0-beta.1.21.0-stable",
                "@minecraft/server-ui": "^1.2.0-beta.1.20.40-stable",
                "fs": "^0.0.1-security",
                "gettext-parser": "^8.0.0",
                "path": "^0.12.7",
                "typescript": "^5.3.3"
            },
            "devDependencies": {
                "prettier": "3.2.5"
            }
        },
        "../..": {
            "name": "matrix-anticheat",
            "dependencies": {
                "@minecraft/debug-utilities": "^1.0.0-beta.1.21.43-stable",
                "@minecraft/server": "^1.16.0-beta.1.21.41-stable",
                "@minecraft/server-ui": "^1.3.0",
                "fs": "^0.0.1-security",
                "gettext-parser": "^8.0.0",
                "javascript-obfuscator": "^4.1.1",
                "path": "^0.12.7",
                "progress": "^2.0.3",
                "progress-bar": "^0.1.1",
                "typescript": "^5.3.3"
            },
            "devDependencies": {
                "prettier": "3.2.5"
            }
        },
        "node_modules/@minecraft/vanilla-data": {
            "version": "1.21.41",
            "resolved": "https://registry.npmjs.org/@minecraft/vanilla-data/-/vanilla-data-1.21.41.tgz",
            "integrity": "sha512-p29Et3JEYYHa34qDjCaaTHxVPYIHkPpxa/MwF1fzafbK4in0L6IgoqgTL6roPansKI60iN4SpxzUC2fw/OCtIA=="
        },
        "node_modules/crypto-es": {
            "version": "2.1.0",
            "resolved": "https://registry.npmjs.org/crypto-es/-/crypto-es-2.1.0.tgz",
            "integrity": "sha512-C5Dbuv4QTPGuloy5c5Vv/FZHtmK+lobLAypFfuRaBbwCsk3qbCWWESCH3MUcBsrgXloRNMrzwUAiPg4U6+IaKA=="
        },
        "node_modules/matrix-anticheat": {
            "resolved": "../..",
            "link": true
        }
    }
}
