{
  "name": "src",
  "lockfileVersion": 3,
  "requires": true,
  "packages": {
    "": {
      "dependencies": {
        "@minecraft/vanilla-data": "^1.20.40"
      }
    },
    "node_modules/@minecraft/vanilla-data": {
      "version": "1.20.40",
      "resolved": "https://registry.npmjs.org/@minecraft/vanilla-data/-/vanilla-data-1.20.40.tgz",
      "integrity": "sha512-uns6GTyYcgC8rhYfMKpfIO7Gi5lhndFrpxdB8sfELFhXItSQAjtz86Q5NWh7SoDUDevJs0y+VJ7H2wsfYLvdaw=="
    }
  }
}
