{
  "name": "src",
  "lockfileVersion": 3,
  "requires": true,
  "packages": {
    "": {
      "dependencies": {
        "@minecraft/vanilla-data": "^1.20.40",
        "crypto-es": "^2.1.0"
      }
    },
    "node_modules/@minecraft/vanilla-data": {
      "version": "1.20.40",
      "resolved": "https://registry.npmjs.org/@minecraft/vanilla-data/-/vanilla-data-1.20.40.tgz",
      "integrity": "sha512-uns6GTyYcgC8rhYfMKpfIO7Gi5lhndFrpxdB8sfELFhXItSQAjtz86Q5NWh7SoDUDevJs0y+VJ7H2wsfYLvdaw=="
    },
    "node_modules/crypto-es": {
      "version": "2.1.0",
      "resolved": "https://registry.npmjs.org/crypto-es/-/crypto-es-2.1.0.tgz",
      "integrity": "sha512-C5Dbuv4QTPGuloy5c5Vv/FZHtmK+lobLAypFfuRaBbwCsk3qbCWWESCH3MUcBsrgXloRNMrzwUAiPg4U6+IaKA=="
    }
  }
}
