{
  "name": "matrix-anticheat-src",
  "version": "Give you a chance to think what version is it? >w<",
  "lockfileVersion": 3,
  "requires": true,
  "packages": {
    "": {
      "name": "matrix-anticheat-src",
      "version": "Give you a chance to think what version is it? >w<",
      "dependencies": {
        "@minecraft/vanilla-data": "^1.20.60",
        "crypto-es": "^2.1.0"
      }
    },
    "node_modules/@minecraft/vanilla-data": {
      "version": "1.20.60",
      "resolved": "https://registry.npmjs.org/@minecraft/vanilla-data/-/vanilla-data-1.20.60.tgz",
      "integrity": "sha512-hG7H7FhbKGrnq6Ak1fgN2HiZTNTgNmLluJdw7Y9Ctq5DXVw4Ywv/VQ1UswNe+n/j+RsvVRCLd5Hk7MXbnGAdog=="
    },
    "node_modules/crypto-es": {
      "version": "2.1.0",
      "resolved": "https://registry.npmjs.org/crypto-es/-/crypto-es-2.1.0.tgz",
      "integrity": "sha512-C5Dbuv4QTPGuloy5c5Vv/FZHtmK+lobLAypFfuRaBbwCsk3qbCWWESCH3MUcBsrgXloRNMrzwUAiPg4U6+IaKA=="
    }
  }
}
